
Microsoft Visual Studio Solution File, Format Version 12.00
# Visual Studio 14
VisualStudioVersion = 14.0.23107.0
MinimumVisualStudioVersion = 10.0.40219.1
Project("{FAE04EC0-301F-11D3-BF4B-00C04F79EFBC}") = "Practica3Client", "Practica3Client\Practica3Client.csproj", "{A913929E-A897-4E9E-A9CD-30C9CDB3EEA2}"
EndProject
Global
	GlobalSection(SolutionConfigurationPlatforms) = preSolution
		Debug|Any CPU = Debug|Any CPU
		Release|Any CPU = Release|Any CPU
	EndGlobalSection
	GlobalSection(ProjectConfigurationPlatforms) = postSolution
		{A913929E-A897-4E9E-A9CD-30C9CDB3EEA2}.Debug|Any CPU.ActiveCfg = Debug|Any CPU
		{A913929E-A897-4E9E-A9CD-30C9CDB3EEA2}.Debug|Any CPU.Build.0 = Debug|Any CPU
		{A913929E-A897-4E9E-A9CD-30C9CDB3EEA2}.Release|Any CPU.ActiveCfg = Release|Any CPU
		{A913929E-A897-4E9E-A9CD-30C9CDB3EEA2}.Release|Any CPU.Build.0 = Release|Any CPU
	EndGlobalSection
	GlobalSection(SolutionProperties) = preSolution
		HideSolutionNode = FALSE
	EndGlobalSection
EndGlobal
